
Microsoft Visual Studio Solution File, Format Version 11.00
# Visual Studio 2010
Project("{8BC9CEB8-8B4A-11D0-8D11-00A0C91BC942}") = "CH13", "CH13\CH13.vcxproj", "{781B04C9-CB5E-4C30-B478-0D01D6FDBF72}"
EndProject
Global
	GlobalSection(SolutionConfigurationPlatforms) = preSolution
		Debug|Win32 = Debug|Win32
		Release|Win32 = Release|Win32
	EndGlobalSection
	GlobalSection(ProjectConfigurationPlatforms) = postSolution
		{781B04C9-CB5E-4C30-B478-0D01D6FDBF72}.Debug|Win32.ActiveCfg = Debug|Win32
		{781B04C9-CB5E-4C30-B478-0D01D6FDBF72}.Debug|Win32.Build.0 = Debug|Win32
		{781B04C9-CB5E-4C30-B478-0D01D6FDBF72}.Release|Win32.ActiveCfg = Release|Win32
		{781B04C9-CB5E-4C30-B478-0D01D6FDBF72}.Release|Win32.Build.0 = Release|Win32
	EndGlobalSection
	GlobalSection(SolutionProperties) = preSolution
		HideSolutionNode = FALSE
	EndGlobalSection
EndGlobal
