
Microsoft Visual Studio Solution File, Format Version 11.00
# Visual Studio 2010
Project("{8BC9CEB8-8B4A-11D0-8D11-00A0C91BC942}") = "CppStyleEx02", "CppStyleEx02\CppStyleEx02.vcxproj", "{8B929678-BC20-4D0B-8938-A0C0F8DE504E}"
EndProject
Global
	GlobalSection(SolutionConfigurationPlatforms) = preSolution
		Debug|Win32 = Debug|Win32
		Release|Win32 = Release|Win32
	EndGlobalSection
	GlobalSection(ProjectConfigurationPlatforms) = postSolution
		{8B929678-BC20-4D0B-8938-A0C0F8DE504E}.Debug|Win32.ActiveCfg = Debug|Win32
		{8B929678-BC20-4D0B-8938-A0C0F8DE504E}.Debug|Win32.Build.0 = Debug|Win32
		{8B929678-BC20-4D0B-8938-A0C0F8DE504E}.Release|Win32.ActiveCfg = Release|Win32
		{8B929678-BC20-4D0B-8938-A0C0F8DE504E}.Release|Win32.Build.0 = Release|Win32
	EndGlobalSection
	GlobalSection(SolutionProperties) = preSolution
		HideSolutionNode = FALSE
	EndGlobalSection
EndGlobal
