
Microsoft Visual Studio Solution File, Format Version 11.00
# Visual Studio 2010
Project("{8BC9CEB8-8B4A-11D0-8D11-00A0C91BC942}") = "UnionEx01", "UnionEx01\UnionEx01.vcxproj", "{C91785C7-1E48-4161-A96B-A022652FD976}"
EndProject
Global
	GlobalSection(SolutionConfigurationPlatforms) = preSolution
		Debug|Win32 = Debug|Win32
		Release|Win32 = Release|Win32
	EndGlobalSection
	GlobalSection(ProjectConfigurationPlatforms) = postSolution
		{C91785C7-1E48-4161-A96B-A022652FD976}.Debug|Win32.ActiveCfg = Debug|Win32
		{C91785C7-1E48-4161-A96B-A022652FD976}.Debug|Win32.Build.0 = Debug|Win32
		{C91785C7-1E48-4161-A96B-A022652FD976}.Release|Win32.ActiveCfg = Release|Win32
		{C91785C7-1E48-4161-A96B-A022652FD976}.Release|Win32.Build.0 = Release|Win32
	EndGlobalSection
	GlobalSection(SolutionProperties) = preSolution
		HideSolutionNode = FALSE
	EndGlobalSection
EndGlobal
