
Microsoft Visual Studio Solution File, Format Version 11.00
# Visual Studio 2010
Project("{8BC9CEB8-8B4A-11D0-8D11-00A0C91BC942}") = "ExceptionEx02", "ExceptionEx02\ExceptionEx02.vcxproj", "{8CC8D5ED-5B3C-42F3-A25D-3CB5A4BAC3E6}"
EndProject
Global
	GlobalSection(SolutionConfigurationPlatforms) = preSolution
		Debug|Win32 = Debug|Win32
		Release|Win32 = Release|Win32
	EndGlobalSection
	GlobalSection(ProjectConfigurationPlatforms) = postSolution
		{8CC8D5ED-5B3C-42F3-A25D-3CB5A4BAC3E6}.Debug|Win32.ActiveCfg = Debug|Win32
		{8CC8D5ED-5B3C-42F3-A25D-3CB5A4BAC3E6}.Debug|Win32.Build.0 = Debug|Win32
		{8CC8D5ED-5B3C-42F3-A25D-3CB5A4BAC3E6}.Release|Win32.ActiveCfg = Release|Win32
		{8CC8D5ED-5B3C-42F3-A25D-3CB5A4BAC3E6}.Release|Win32.Build.0 = Release|Win32
	EndGlobalSection
	GlobalSection(SolutionProperties) = preSolution
		HideSolutionNode = FALSE
	EndGlobalSection
EndGlobal
